
Microsoft Visual Studio Solution File, Format Version 12.00
# Visual Studio Version 16
VisualStudioVersion = 16.0.29123.88
MinimumVisualStudioVersion = 10.0.40219.1
Project("{FAE04EC0-301F-11D3-BF4B-00C04F79EFBC}") = "kidmathwebapp", "kidmathwebapp\kidmathwebapp.csproj", "{DFDE8FDE-4ED2-4E6D-9DA2-41EE95C09977}"
EndProject
Global
	GlobalSection(SolutionConfigurationPlatforms) = preSolution
		Debug|Any CPU = Debug|Any CPU
		Release|Any CPU = Release|Any CPU
	EndGlobalSection
	GlobalSection(ProjectConfigurationPlatforms) = postSolution
		{DFDE8FDE-4ED2-4E6D-9DA2-41EE95C09977}.Debug|Any CPU.ActiveCfg = Debug|Any CPU
		{DFDE8FDE-4ED2-4E6D-9DA2-41EE95C09977}.Debug|Any CPU.Build.0 = Debug|Any CPU
		{DFDE8FDE-4ED2-4E6D-9DA2-41EE95C09977}.Release|Any CPU.ActiveCfg = Release|Any CPU
		{DFDE8FDE-4ED2-4E6D-9DA2-41EE95C09977}.Release|Any CPU.Build.0 = Release|Any CPU
	EndGlobalSection
	GlobalSection(SolutionProperties) = preSolution
		HideSolutionNode = FALSE
	EndGlobalSection
	GlobalSection(ExtensibilityGlobals) = postSolution
		SolutionGuid = {C01C1AF1-A200-41DF-977D-A1D6D4D0795C}
	EndGlobalSection
EndGlobal
